
Microsoft Visual Studio Solution File, Format Version 12.00
# Visual Studio Version 17
VisualStudioVersion = 17.9.34902.65
MinimumVisualStudioVersion = 10.0.40219.1
Project("{FAE04EC0-301F-11D3-BF4B-00C04F79EFBC}") = "CompanyG05.PL", "MVC 03\CompanyG05.PL.csproj", "{316B55ED-3471-46E6-A87F-FF0B5BE4CFF4}"
EndProject
Project("{FAE04EC0-301F-11D3-BF4B-00C04F79EFBC}") = "Company.G05.DAL", "Company.G05.DAL\Company.G05.DAL.csproj", "{C26E014F-C2A1-4213-A422-335C3DD0D903}"
EndProject
Project("{FAE04EC0-301F-11D3-BF4B-00C04F79EFBC}") = "Company.G05.BLL", "Company.G05.BLL\Company.G05.BLL.csproj", "{0F450570-C63D-4ABF-8CC0-CDD6A6C06C0F}"
EndProject
Global
	GlobalSection(SolutionConfigurationPlatforms) = preSolution
		Debug|Any CPU = Debug|Any CPU
		Release|Any CPU = Release|Any CPU
	EndGlobalSection
	GlobalSection(ProjectConfigurationPlatforms) = postSolution
		{316B55ED-3471-46E6-A87F-FF0B5BE4CFF4}.Debug|Any CPU.ActiveCfg = Debug|Any CPU
		{316B55ED-3471-46E6-A87F-FF0B5BE4CFF4}.Debug|Any CPU.Build.0 = Debug|Any CPU
		{316B55ED-3471-46E6-A87F-FF0B5BE4CFF4}.Release|Any CPU.ActiveCfg = Release|Any CPU
		{316B55ED-3471-46E6-A87F-FF0B5BE4CFF4}.Release|Any CPU.Build.0 = Release|Any CPU
		{C26E014F-C2A1-4213-A422-335C3DD0D903}.Debug|Any CPU.ActiveCfg = Debug|Any CPU
		{C26E014F-C2A1-4213-A422-335C3DD0D903}.Debug|Any CPU.Build.0 = Debug|Any CPU
		{C26E014F-C2A1-4213-A422-335C3DD0D903}.Release|Any CPU.ActiveCfg = Release|Any CPU
		{C26E014F-C2A1-4213-A422-335C3DD0D903}.Release|Any CPU.Build.0 = Release|Any CPU
		{0F450570-C63D-4ABF-8CC0-CDD6A6C06C0F}.Debug|Any CPU.ActiveCfg = Debug|Any CPU
		{0F450570-C63D-4ABF-8CC0-CDD6A6C06C0F}.Debug|Any CPU.Build.0 = Debug|Any CPU
		{0F450570-C63D-4ABF-8CC0-CDD6A6C06C0F}.Release|Any CPU.ActiveCfg = Release|Any CPU
		{0F450570-C63D-4ABF-8CC0-CDD6A6C06C0F}.Release|Any CPU.Build.0 = Release|Any CPU
	EndGlobalSection
	GlobalSection(SolutionProperties) = preSolution
		HideSolutionNode = FALSE
	EndGlobalSection
	GlobalSection(ExtensibilityGlobals) = postSolution
		SolutionGuid = {4363F3B2-1575-46CE-A239-CA7E3C6EF89F}
	EndGlobalSection
EndGlobal
